
Microsoft Visual Studio Solution File, Format Version 12.00
# Visual Studio Version 16
VisualStudioVersion = 16.0.30907.101
MinimumVisualStudioVersion = 10.0.40219.1
Project("{9A19103F-16F7-4668-BE54-9A1E7A4F7556}") = "FlightsManager", "FlightsManager\FlightsManager.csproj", "{9A329B11-F54D-4C6D-8CD7-017465429160}"
EndProject
Project("{00D1A9C2-B5F0-4AF3-8072-F6C62B433612}") = "FlightsManagerSQLForTests", "FlightsManagerSQLForTests\FlightsManagerSQLForTests.sqlproj", "{A02EA15A-5746-4319-A29A-CADB3CEC47D5}"
EndProject
Project("{FAE04EC0-301F-11D3-BF4B-00C04F79EFBC}") = "FlightsManager_DBTests", "FlightsManager_DBTests\FlightsManager_DBTests.csproj", "{1860E5A9-89EC-49C6-A204-5DDB3DA3D332}"
EndProject
Project("{FAE04EC0-301F-11D3-BF4B-00C04F79EFBC}") = "FlightsManager_Tests", "FlightsManager_Tests\FlightsManager_Tests.csproj", "{AF216976-E71C-411B-93E6-E2C82F8B5081}"
EndProject
Global
	GlobalSection(SolutionConfigurationPlatforms) = preSolution
		Debug|Any CPU = Debug|Any CPU
		Release|Any CPU = Release|Any CPU
	EndGlobalSection
	GlobalSection(ProjectConfigurationPlatforms) = postSolution
		{9A329B11-F54D-4C6D-8CD7-017465429160}.Debug|Any CPU.ActiveCfg = Debug|Any CPU
		{9A329B11-F54D-4C6D-8CD7-017465429160}.Debug|Any CPU.Build.0 = Debug|Any CPU
		{9A329B11-F54D-4C6D-8CD7-017465429160}.Release|Any CPU.ActiveCfg = Release|Any CPU
		{9A329B11-F54D-4C6D-8CD7-017465429160}.Release|Any CPU.Build.0 = Release|Any CPU
		{A02EA15A-5746-4319-A29A-CADB3CEC47D5}.Debug|Any CPU.ActiveCfg = Debug|Any CPU
		{A02EA15A-5746-4319-A29A-CADB3CEC47D5}.Debug|Any CPU.Build.0 = Debug|Any CPU
		{A02EA15A-5746-4319-A29A-CADB3CEC47D5}.Debug|Any CPU.Deploy.0 = Debug|Any CPU
		{A02EA15A-5746-4319-A29A-CADB3CEC47D5}.Release|Any CPU.ActiveCfg = Release|Any CPU
		{A02EA15A-5746-4319-A29A-CADB3CEC47D5}.Release|Any CPU.Build.0 = Release|Any CPU
		{A02EA15A-5746-4319-A29A-CADB3CEC47D5}.Release|Any CPU.Deploy.0 = Release|Any CPU
		{1860E5A9-89EC-49C6-A204-5DDB3DA3D332}.Debug|Any CPU.ActiveCfg = Debug|Any CPU
		{1860E5A9-89EC-49C6-A204-5DDB3DA3D332}.Debug|Any CPU.Build.0 = Debug|Any CPU
		{1860E5A9-89EC-49C6-A204-5DDB3DA3D332}.Release|Any CPU.ActiveCfg = Release|Any CPU
		{1860E5A9-89EC-49C6-A204-5DDB3DA3D332}.Release|Any CPU.Build.0 = Release|Any CPU
		{AF216976-E71C-411B-93E6-E2C82F8B5081}.Debug|Any CPU.ActiveCfg = Debug|Any CPU
		{AF216976-E71C-411B-93E6-E2C82F8B5081}.Debug|Any CPU.Build.0 = Debug|Any CPU
		{AF216976-E71C-411B-93E6-E2C82F8B5081}.Release|Any CPU.ActiveCfg = Release|Any CPU
		{AF216976-E71C-411B-93E6-E2C82F8B5081}.Release|Any CPU.Build.0 = Release|Any CPU
	EndGlobalSection
	GlobalSection(SolutionProperties) = preSolution
		HideSolutionNode = FALSE
	EndGlobalSection
	GlobalSection(ExtensibilityGlobals) = postSolution
		SolutionGuid = {BF19EFAC-5D1D-4DBC-9665-ECFB26FB5D5C}
	EndGlobalSection
EndGlobal
